// !$*UTF8*$!
{
	archiveVersion = 1;
	classes = {
	};
	objectVersion = 77;
	objects = {

/* Begin PBXBuildFile section */
		F5EDD63C2DCE3E0A00850C0E /* Moya in Frameworks */ = {isa = PBXBuildFile; productRef = F5EDD63B2DCE3E0A00850C0E /* Moya */; };
/* End PBXBuildFile section */

/* Begin PBXContainerItemProxy section */
		F51C55CB2DCE37B400E578CD /* PBXContainerItemProxy */ = {
			isa = PBXContainerItemProxy;
			containerPortal = F51C55B22DCE37B200E578CD /* Project object */;
			proxyType = 1;
			remoteGlobalIDString = F51C55B92DCE37B200E578CD;
			remoteInfo = gitler;
		};
		F51C55D52DCE37B400E578CD /* PBXContainerItemProxy */ = {
			isa = PBXContainerItemProxy;
			containerPortal = F51C55B22DCE37B200E578CD /* Project object */;
			proxyType = 1;
			remoteGlobalIDString = F51C55B92DCE37B200E578CD;
			remoteInfo = gitler;
		};
/* End PBXContainerItemProxy section */

/* Begin PBXFileReference section */
		F51C55BA2DCE37B200E578CD /* gitler.app */ = {isa = PBXFileReference; explicitFileType = wrapper.application; includeInIndex = 0; path = gitler.app; sourceTree = BUILT_PRODUCTS_DIR; };
		F51C55CA2DCE37B400E578CD /* gitlerTests.xctest */ = {isa = PBXFileReference; explicitFileType = wrapper.cfbundle; includeInIndex = 0; path = gitlerTests.xctest; sourceTree = BUILT_PRODUCTS_DIR; };
		F51C55D42DCE37B400E578CD /* gitlerUITests.xctest */ = {isa = PBXFileReference; explicitFileType = wrapper.cfbundle; includeInIndex = 0; path = gitlerUITests.xctest; sourceTree = BUILT_PRODUCTS_DIR; };
/* End PBXFileReference section */

/* Begin PBXFileSystemSynchronizedRootGroup section */
		F51C55BC2DCE37B200E578CD /* gitler */ = {
			isa = PBXFileSystemSynchronizedRootGroup;
			path = gitler;
			sourceTree = "<group>";
		};
		F51C55CD2DCE37B400E578CD /* gitlerTests */ = {
			isa = PBXFileSystemSynchronizedRootGroup;
			path = gitlerTests;
			sourceTree = "<group>";
		};
		F51C55D72DCE37B400E578CD /* gitlerUITests */ = {
			isa = PBXFileSystemSynchronizedRootGroup;
			path = gitlerUITests;
			sourceTree = "<group>";
		};
/* End PBXFileSystemSynchronizedRootGroup section */

/* Begin PBXFrameworksBuildPhase section */
		F51C55B72DCE37B200E578CD /* Frameworks */ = {
			isa = PBXFrameworksBuildPhase;
			buildActionMask = 2147483647;
			files = (
				F5EDD63C2DCE3E0A00850C0E /* Moya in Frameworks */,
			);
			runOnlyForDeploymentPostprocessing = 0;
		};
		F51C55C72DCE37B400E578CD /* Frameworks */ = {
			isa = PBXFrameworksBuildPhase;
			buildActionMask = 2147483647;
			files = (
			);
			runOnlyForDeploymentPostprocessing = 0;
		};
		F51C55D12DCE37B400E578CD /* Frameworks */ = {
			isa = PBXFrameworksBuildPhase;
			buildActionMask = 2147483647;
			files = (
			);
			runOnlyForDeploymentPostprocessing = 0;
		};
/* End PBXFrameworksBuildPhase section */

/* Begin PBXGroup section */
		F51C55B12DCE37B200E578CD = {
			isa = PBXGroup;
			children = (
				F51C55BC2DCE37B200E578CD /* gitler */,
				F51C55CD2DCE37B400E578CD /* gitlerTests */,
				F51C55D72DCE37B400E578CD /* gitlerUITests */,
				F51C55BB2DCE37B200E578CD /* Products */,
			);
			sourceTree = "<group>";
		};
		F51C55BB2DCE37B200E578CD /* Products */ = {
			isa = PBXGroup;
			children = (
				F51C55BA2DCE37B200E578CD /* gitler.app */,
				F51C55CA2DCE37B400E578CD /* gitlerTests.xctest */,
				F51C55D42DCE37B400E578CD /* gitlerUITests.xctest */,
			);
			name = Products;
			sourceTree = "<group>";
		};
/* End PBXGroup section */

/* Begin PBXNativeTarget section */
		F51C55B92DCE37B200E578CD /* gitler */ = {
			isa = PBXNativeTarget;
			buildConfigurationList = F51C55DE2DCE37B400E578CD /* Build configuration list for PBXNativeTarget "gitler" */;
			buildPhases = (
				F51C55B62DCE37B200E578CD /* Sources */,
				F51C55B72DCE37B200E578CD /* Frameworks */,
				F51C55B82DCE37B200E578CD /* Resources */,
			);
			buildRules = (
			);
			dependencies = (
			);
			fileSystemSynchronizedGroups = (
				F51C55BC2DCE37B200E578CD /* gitler */,
			);
			name = gitler;
			packageProductDependencies = (
				F5EDD63B2DCE3E0A00850C0E /* Moya */,
			);
			productName = gitler;
			productReference = F51C55BA2DCE37B200E578CD /* gitler.app */;
			productType = "com.apple.product-type.application";
		};
		F51C55C92DCE37B400E578CD /* gitlerTests */ = {
			isa = PBXNativeTarget;
			buildConfigurationList = F51C55E12DCE37B400E578CD /* Build configuration list for PBXNativeTarget "gitlerTests" */;
			buildPhases = (
				F51C55C62DCE37B400E578CD /* Sources */,
				F51C55C72DCE37B400E578CD /* Frameworks */,
				F51C55C82DCE37B400E578CD /* Resources */,
			);
			buildRules = (
			);
			dependencies = (
				F51C55CC2DCE37B400E578CD /* PBXTargetDependency */,
			);
			fileSystemSynchronizedGroups = (
				F51C55CD2DCE37B400E578CD /* gitlerTests */,
			);
			name = gitlerTests;
			packageProductDependencies = (
			);
			productName = gitlerTests;
			productReference = F51C55CA2DCE37B400E578CD /* gitlerTests.xctest */;
			productType = "com.apple.product-type.bundle.unit-test";
		};
		F51C55D32DCE37B400E578CD /* gitlerUITests */ = {
			isa = PBXNativeTarget;
			buildConfigurationList = F51C55E42DCE37B400E578CD /* Build configuration list for PBXNativeTarget "gitlerUITests" */;
			buildPhases = (
				F51C55D02DCE37B400E578CD /* Sources */,
				F51C55D12DCE37B400E578CD /* Frameworks */,
				F51C55D22DCE37B400E578CD /* Resources */,
			);
			buildRules = (
			);
			dependencies = (
				F51C55D62DCE37B400E578CD /* PBXTargetDependency */,
			);
			fileSystemSynchronizedGroups = (
				F51C55D72DCE37B400E578CD /* gitlerUITests */,
			);
			name = gitlerUITests;
			packageProductDependencies = (
			);
			productName = gitlerUITests;
			productReference = F51C55D42DCE37B400E578CD /* gitlerUITests.xctest */;
			productType = "com.apple.product-type.bundle.ui-testing";
		};
/* End PBXNativeTarget section */

/* Begin PBXProject section */
		F51C55B22DCE37B200E578CD /* Project object */ = {
			isa = PBXProject;
			attributes = {
				BuildIndependentTargetsInParallel = 1;
				LastSwiftUpdateCheck = 1620;
				LastUpgradeCheck = 1620;
				TargetAttributes = {
					F51C55B92DCE37B200E578CD = {
						CreatedOnToolsVersion = 16.2;
					};
					F51C55C92DCE37B400E578CD = {
						CreatedOnToolsVersion = 16.2;
						TestTargetID = F51C55B92DCE37B200E578CD;
					};
					F51C55D32DCE37B400E578CD = {
						CreatedOnToolsVersion = 16.2;
						TestTargetID = F51C55B92DCE37B200E578CD;
					};
				};
			};
			buildConfigurationList = F51C55B52DCE37B200E578CD /* Build configuration list for PBXProject "gitler" */;
			developmentRegion = en;
			hasScannedForEncodings = 0;
			knownRegions = (
				en,
				Base,
			);
			mainGroup = F51C55B12DCE37B200E578CD;
			minimizedProjectReferenceProxies = 1;
			packageReferences = (
				F5EDD63A2DCE3E0A00850C0E /* XCRemoteSwiftPackageReference "Moya" */,
			);
			preferredProjectObjectVersion = 77;
			productRefGroup = F51C55BB2DCE37B200E578CD /* Products */;
			projectDirPath = "";
			projectRoot = "";
			targets = (
				F51C55B92DCE37B200E578CD /* gitler */,
				F51C55C92DCE37B400E578CD /* gitlerTests */,
				F51C55D32DCE37B400E578CD /* gitlerUITests */,
			);
		};
/* End PBXProject section */

/* Begin PBXResourcesBuildPhase section */
		F51C55B82DCE37B200E578CD /* Resources */ = {
			isa = PBXResourcesBuildPhase;
			buildActionMask = 2147483647;
			files = (
			);
			runOnlyForDeploymentPostprocessing = 0;
		};
		F51C55C82DCE37B400E578CD /* Resources */ = {
			isa = PBXResourcesBuildPhase;
			buildActionMask = 2147483647;
			files = (
			);
			runOnlyForDeploymentPostprocessing = 0;
		};
		F51C55D22DCE37B400E578CD /* Resources */ = {
			isa = PBXResourcesBuildPhase;
			buildActionMask = 2147483647;
			files = (
			);
			runOnlyForDeploymentPostprocessing = 0;
		};
/* End PBXResourcesBuildPhase section */

/* Begin PBXSourcesBuildPhase section */
		F51C55B62DCE37B200E578CD /* Sources */ = {
			isa = PBXSourcesBuildPhase;
			buildActionMask = 2147483647;
			files = (
			);
			runOnlyForDeploymentPostprocessing = 0;
		};
		F51C55C62DCE37B400E578CD /* Sources */ = {
			isa = PBXSourcesBuildPhase;
			buildActionMask = 2147483647;
			files = (
			);
			runOnlyForDeploymentPostprocessing = 0;
		};
		F51C55D02DCE37B400E578CD /* Sources */ = {
			isa = PBXSourcesBuildPhase;
			buildActionMask = 2147483647;
			files = (
			);
			runOnlyForDeploymentPostprocessing = 0;
		};
/* End PBXSourcesBuildPhase section */

/* Begin PBXTargetDependency section */
		F51C55CC2DCE37B400E578CD /* PBXTargetDependency */ = {
			isa = PBXTargetDependency;
			target = F51C55B92DCE37B200E578CD /* gitler */;
			targetProxy = F51C55CB2DCE37B400E578CD /* PBXContainerItemProxy */;
		};
		F51C55D62DCE37B400E578CD /* PBXTargetDependency */ = {
			isa = PBXTargetDependency;
			target = F51C55B92DCE37B200E578CD /* gitler */;
			targetProxy = F51C55D52DCE37B400E578CD /* PBXContainerItemProxy */;
		};
/* End PBXTargetDependency section */

/* Begin XCBuildConfiguration section */
		F51C55DC2DCE37B400E578CD /* Debug */ = {
			isa = XCBuildConfiguration;
			buildSettings = {
				ALWAYS_SEARCH_USER_PATHS = NO;
				ASSETCATALOG_COMPILER_GENERATE_SWIFT_ASSET_SYMBOL_EXTENSIONS = YES;
				CLANG_ANALYZER_NONNULL = YES;
				CLANG_ANALYZER_NUMBER_OBJECT_CONVERSION = YES_AGGRESSIVE;
				CLANG_CXX_LANGUAGE_STANDARD = "gnu++20";
				CLANG_ENABLE_MODULES = YES;
				CLANG_ENABLE_OBJC_ARC = YES;
				CLANG_ENABLE_OBJC_WEAK = YES;
				CLANG_WARN_BLOCK_CAPTURE_AUTORELEASING = YES;
				CLANG_WARN_BOOL_CONVERSION = YES;
				CLANG_WARN_COMMA = YES;
				CLANG_WARN_CONSTANT_CONVERSION = YES;
				CLANG_WARN_DEPRECATED_OBJC_IMPLEMENTATIONS = YES;
				CLANG_WARN_DIRECT_OBJC_ISA_USAGE = YES_ERROR;
				CLANG_WARN_DOCUMENTATION_COMMENTS = YES;
				CLANG_WARN_EMPTY_BODY = YES;
				CLANG_WARN_ENUM_CONVERSION = YES;
				CLANG_WARN_INFINITE_RECURSION = YES;
				CLANG_WARN_INT_CONVERSION = YES;
				CLANG_WARN_NON_LITERAL_NULL_CONVERSION = YES;
				CLANG_WARN_OBJC_IMPLICIT_RETAIN_SELF = YES;
				CLANG_WARN_OBJC_LITERAL_CONVERSION = YES;
				CLANG_WARN_OBJC_ROOT_CLASS = YES_ERROR;
				CLANG_WARN_QUOTED_INCLUDE_IN_FRAMEWORK_HEADER = YES;
				CLANG_WARN_RANGE_LOOP_ANALYSIS = YES;
				CLANG_WARN_STRICT_PROTOTYPES = YES;
				CLANG_WARN_SUSPICIOUS_MOVE = YES;
				CLANG_WARN_UNGUARDED_AVAILABILITY = YES_AGGRESSIVE;
				CLANG_WARN_UNREACHABLE_CODE = YES;
				CLANG_WARN__DUPLICATE_METHOD_MATCH = YES;
				COPY_PHASE_STRIP = NO;
				DEBUG_INFORMATION_FORMAT = dwarf;
				ENABLE_STRICT_OBJC_MSGSEND = YES;
				ENABLE_TESTABILITY = YES;
				ENABLE_USER_SCRIPT_SANDBOXING = YES;
				GCC_C_LANGUAGE_STANDARD = gnu17;
				GCC_DYNAMIC_NO_PIC = NO;
				GCC_NO_COMMON_BLOCKS = YES;
				GCC_OPTIMIZATION_LEVEL = 0;
				GCC_PREPROCESSOR_DEFINITIONS = (
					"DEBUG=1",
					"$(inherited)",
				);
				GCC_WARN_64_TO_32_BIT_CONVERSION = YES;
				GCC_WARN_ABOUT_RETURN_TYPE = YES_ERROR;
				GCC_WARN_UNDECLARED_SELECTOR = YES;
				GCC_WARN_UNINITIALIZED_AUTOS = YES_AGGRESSIVE;
				GCC_WARN_UNUSED_FUNCTION = YES;
				GCC_WARN_UNUSED_VARIABLE = YES;
				IPHONEOS_DEPLOYMENT_TARGET = 18.2;
				LOCALIZATION_PREFERS_STRING_CATALOGS = YES;
				MTL_ENABLE_DEBUG_INFO = INCLUDE_SOURCE;
				MTL_FAST_MATH = YES;
				ONLY_ACTIVE_ARCH = YES;
				SDKROOT = iphoneos;
				SWIFT_ACTIVE_COMPILATION_CONDITIONS = "DEBUG $(inherited)";
				SWIFT_OPTIMIZATION_LEVEL = "-Onone";
			};
			name = Debug;
		};
		F51C55DD2DCE37B400E578CD /* Release */ = {
			isa = XCBuildConfiguration;
			buildSettings = {
				ALWAYS_SEARCH_USER_PATHS = NO;
				ASSETCATALOG_COMPILER_GENERATE_SWIFT_ASSET_SYMBOL_EXTENSIONS = YES;
				CLANG_ANALYZER_NONNULL = YES;
				CLANG_ANALYZER_NUMBER_OBJECT_CONVERSION = YES_AGGRESSIVE;
				CLANG_CXX_LANGUAGE_STANDARD = "gnu++20";
				CLANG_ENABLE_MODULES = YES;
				CLANG_ENABLE_OBJC_ARC = YES;
				CLANG_ENABLE_OBJC_WEAK = YES;
				CLANG_WARN_BLOCK_CAPTURE_AUTORELEASING = YES;
				CLANG_WARN_BOOL_CONVERSION = YES;
				CLANG_WARN_COMMA = YES;
				CLANG_WARN_CONSTANT_CONVERSION = YES;
				CLANG_WARN_DEPRECATED_OBJC_IMPLEMENTATIONS = YES;
				CLANG_WARN_DIRECT_OBJC_ISA_USAGE = YES_ERROR;
				CLANG_WARN_DOCUMENTATION_COMMENTS = YES;
				CLANG_WARN_EMPTY_BODY = YES;
				CLANG_WARN_ENUM_CONVERSION = YES;
				CLANG_WARN_INFINITE_RECURSION = YES;
				CLANG_WARN_INT_CONVERSION = YES;
				CLANG_WARN_NON_LITERAL_NULL_CONVERSION = YES;
				CLANG_WARN_OBJC_IMPLICIT_RETAIN_SELF = YES;
				CLANG_WARN_OBJC_LITERAL_CONVERSION = YES;
				CLANG_WARN_OBJC_ROOT_CLASS = YES_ERROR;
				CLANG_WARN_QUOTED_INCLUDE_IN_FRAMEWORK_HEADER = YES;
				CLANG_WARN_RANGE_LOOP_ANALYSIS = YES;
				CLANG_WARN_STRICT_PROTOTYPES = YES;
				CLANG_WARN_SUSPICIOUS_MOVE = YES;
				CLANG_WARN_UNGUARDED_AVAILABILITY = YES_AGGRESSIVE;
				CLANG_WARN_UNREACHABLE_CODE = YES;
				CLANG_WARN__DUPLICATE_METHOD_MATCH = YES;
				COPY_PHASE_STRIP = NO;
				DEBUG_INFORMATION_FORMAT = "dwarf-with-dsym";
				ENABLE_NS_ASSERTIONS = NO;
				ENABLE_STRICT_OBJC_MSGSEND = YES;
				ENABLE_USER_SCRIPT_SANDBOXING = YES;
				GCC_C_LANGUAGE_STANDARD = gnu17;
				GCC_NO_COMMON_BLOCKS = YES;
				GCC_WARN_64_TO_32_BIT_CONVERSION = YES;
				GCC_WARN_ABOUT_RETURN_TYPE = YES_ERROR;
				GCC_WARN_UNDECLARED_SELECTOR = YES;
				GCC_WARN_UNINITIALIZED_AUTOS = YES_AGGRESSIVE;
				GCC_WARN_UNUSED_FUNCTION = YES;
				GCC_WARN_UNUSED_VARIABLE = YES;
				IPHONEOS_DEPLOYMENT_TARGET = 18.2;
				LOCALIZATION_PREFERS_STRING_CATALOGS = YES;
				MTL_ENABLE_DEBUG_INFO = NO;
				MTL_FAST_MATH = YES;
				SDKROOT = iphoneos;
				SWIFT_COMPILATION_MODE = wholemodule;
				VALIDATE_PRODUCT = YES;
			};
			name = Release;
		};
		F51C55DF2DCE37B400E578CD /* Debug */ = {
			isa = XCBuildConfiguration;
			buildSettings = {
				ASSETCATALOG_COMPILER_APPICON_NAME = AppIcon;
				ASSETCATALOG_COMPILER_GLOBAL_ACCENT_COLOR_NAME = AccentColor;
				CODE_SIGN_STYLE = Automatic;
				CURRENT_PROJECT_VERSION = 1;
				DEVELOPMENT_ASSET_PATHS = "\"gitler/Preview Content\"";
				DEVELOPMENT_TEAM = ZGTVP83ZGP;
				ENABLE_PREVIEWS = YES;
				GENERATE_INFOPLIST_FILE = YES;
				INFOPLIST_KEY_UIApplicationSceneManifest_Generation = YES;
				INFOPLIST_KEY_UIApplicationSupportsIndirectInputEvents = YES;
				INFOPLIST_KEY_UILaunchScreen_Generation = YES;
				INFOPLIST_KEY_UISupportedInterfaceOrientations_iPad = "UIInterfaceOrientationPortrait UIInterfaceOrientationPortraitUpsideDown UIInterfaceOrientationLandscapeLeft UIInterfaceOrientationLandscapeRight";
				INFOPLIST_KEY_UISupportedInterfaceOrientations_iPhone = "UIInterfaceOrientationPortrait UIInterfaceOrientationLandscapeLeft UIInterfaceOrientationLandscapeRight";
				LD_RUNPATH_SEARCH_PATHS = (
					"$(inherited)",
					"@executable_path/Frameworks",
				);
				MARKETING_VERSION = 1.0;
				PRODUCT_BUNDLE_IDENTIFIER = com.relsirc.gitler;
				PRODUCT_NAME = "$(TARGET_NAME)";
				SWIFT_EMIT_LOC_STRINGS = YES;
				SWIFT_VERSION = 5.0;
				TARGETED_DEVICE_FAMILY = "1,2";
			};
			name = Debug;
		};
		F51C55E02DCE37B400E578CD /* Release */ = {
			isa = XCBuildConfiguration;
			buildSettings = {
				ASSETCATALOG_COMPILER_APPICON_NAME = AppIcon;
				ASSETCATALOG_COMPILER_GLOBAL_ACCENT_COLOR_NAME = AccentColor;
				CODE_SIGN_STYLE = Automatic;
				CURRENT_PROJECT_VERSION = 1;
				DEVELOPMENT_ASSET_PATHS = "\"gitler/Preview Content\"";
				DEVELOPMENT_TEAM = ZGTVP83ZGP;
				ENABLE_PREVIEWS = YES;
				GENERATE_INFOPLIST_FILE = YES;
				INFOPLIST_KEY_UIApplicationSceneManifest_Generation = YES;
				INFOPLIST_KEY_UIApplicationSupportsIndirectInputEvents = YES;
				INFOPLIST_KEY_UILaunchScreen_Generation = YES;
				INFOPLIST_KEY_UISupportedInterfaceOrientations_iPad = "UIInterfaceOrientationPortrait UIInterfaceOrientationPortraitUpsideDown UIInterfaceOrientationLandscapeLeft UIInterfaceOrientationLandscapeRight";
				INFOPLIST_KEY_UISupportedInterfaceOrientations_iPhone = "UIInterfaceOrientationPortrait UIInterfaceOrientationLandscapeLeft UIInterfaceOrientationLandscapeRight";
				LD_RUNPATH_SEARCH_PATHS = (
					"$(inherited)",
					"@executable_path/Frameworks",
				);
				MARKETING_VERSION = 1.0;
				PRODUCT_BUNDLE_IDENTIFIER = com.relsirc.gitler;
				PRODUCT_NAME = "$(TARGET_NAME)";
				SWIFT_EMIT_LOC_STRINGS = YES;
				SWIFT_VERSION = 5.0;
				TARGETED_DEVICE_FAMILY = "1,2";
			};
			name = Release;
		};
		F51C55E22DCE37B400E578CD /* Debug */ = {
			isa = XCBuildConfiguration;
			buildSettings = {
				BUNDLE_LOADER = "$(TEST_HOST)";
				CODE_SIGN_STYLE = Automatic;
				CURRENT_PROJECT_VERSION = 1;
				DEVELOPMENT_TEAM = ZGTVP83ZGP;
				GENERATE_INFOPLIST_FILE = YES;
				IPHONEOS_DEPLOYMENT_TARGET = 18.2;
				MARKETING_VERSION = 1.0;
				PRODUCT_BUNDLE_IDENTIFIER = com.relsirc.gitlerTests;
				PRODUCT_NAME = "$(TARGET_NAME)";
				SWIFT_EMIT_LOC_STRINGS = NO;
				SWIFT_VERSION = 5.0;
				TARGETED_DEVICE_FAMILY = "1,2";
				TEST_HOST = "$(BUILT_PRODUCTS_DIR)/gitler.app/$(BUNDLE_EXECUTABLE_FOLDER_PATH)/gitler";
			};
			name = Debug;
		};
		F51C55E32DCE37B400E578CD /* Release */ = {
			isa = XCBuildConfiguration;
			buildSettings = {
				BUNDLE_LOADER = "$(TEST_HOST)";
				CODE_SIGN_STYLE = Automatic;
				CURRENT_PROJECT_VERSION = 1;
				DEVELOPMENT_TEAM = ZGTVP83ZGP;
				GENERATE_INFOPLIST_FILE = YES;
				IPHONEOS_DEPLOYMENT_TARGET = 18.2;
				MARKETING_VERSION = 1.0;
				PRODUCT_BUNDLE_IDENTIFIER = com.relsirc.gitlerTests;
				PRODUCT_NAME = "$(TARGET_NAME)";
				SWIFT_EMIT_LOC_STRINGS = NO;
				SWIFT_VERSION = 5.0;
				TARGETED_DEVICE_FAMILY = "1,2";
				TEST_HOST = "$(BUILT_PRODUCTS_DIR)/gitler.app/$(BUNDLE_EXECUTABLE_FOLDER_PATH)/gitler";
			};
			name = Release;
		};
		F51C55E52DCE37B400E578CD /* Debug */ = {
			isa = XCBuildConfiguration;
			buildSettings = {
				CODE_SIGN_STYLE = Automatic;
				CURRENT_PROJECT_VERSION = 1;
				DEVELOPMENT_TEAM = ZGTVP83ZGP;
				GENERATE_INFOPLIST_FILE = YES;
				MARKETING_VERSION = 1.0;
				PRODUCT_BUNDLE_IDENTIFIER = com.relsirc.gitlerUITests;
				PRODUCT_NAME = "$(TARGET_NAME)";
				SWIFT_EMIT_LOC_STRINGS = NO;
				SWIFT_VERSION = 5.0;
				TARGETED_DEVICE_FAMILY = "1,2";
				TEST_TARGET_NAME = gitler;
			};
			name = Debug;
		};
		F51C55E62DCE37B400E578CD /* Release */ = {
			isa = XCBuildConfiguration;
			buildSettings = {
				CODE_SIGN_STYLE = Automatic;
				CURRENT_PROJECT_VERSION = 1;
				DEVELOPMENT_TEAM = ZGTVP83ZGP;
				GENERATE_INFOPLIST_FILE = YES;
				MARKETING_VERSION = 1.0;
				PRODUCT_BUNDLE_IDENTIFIER = com.relsirc.gitlerUITests;
				PRODUCT_NAME = "$(TARGET_NAME)";
				SWIFT_EMIT_LOC_STRINGS = NO;
				SWIFT_VERSION = 5.0;
				TARGETED_DEVICE_FAMILY = "1,2";
				TEST_TARGET_NAME = gitler;
			};
			name = Release;
		};
/* End XCBuildConfiguration section */

/* Begin XCConfigurationList section */
		F51C55B52DCE37B200E578CD /* Build configuration list for PBXProject "gitler" */ = {
			isa = XCConfigurationList;
			buildConfigurations = (
				F51C55DC2DCE37B400E578CD /* Debug */,
				F51C55DD2DCE37B400E578CD /* Release */,
			);
			defaultConfigurationIsVisible = 0;
			defaultConfigurationName = Release;
		};
		F51C55DE2DCE37B400E578CD /* Build configuration list for PBXNativeTarget "gitler" */ = {
			isa = XCConfigurationList;
			buildConfigurations = (
				F51C55DF2DCE37B400E578CD /* Debug */,
				F51C55E02DCE37B400E578CD /* Release */,
			);
			defaultConfigurationIsVisible = 0;
			defaultConfigurationName = Release;
		};
		F51C55E12DCE37B400E578CD /* Build configuration list for PBXNativeTarget "gitlerTests" */ = {
			isa = XCConfigurationList;
			buildConfigurations = (
				F51C55E22DCE37B400E578CD /* Debug */,
				F51C55E32DCE37B400E578CD /* Release */,
			);
			defaultConfigurationIsVisible = 0;
			defaultConfigurationName = Release;
		};
		F51C55E42DCE37B400E578CD /* Build configuration list for PBXNativeTarget "gitlerUITests" */ = {
			isa = XCConfigurationList;
			buildConfigurations = (
				F51C55E52DCE37B400E578CD /* Debug */,
				F51C55E62DCE37B400E578CD /* Release */,
			);
			defaultConfigurationIsVisible = 0;
			defaultConfigurationName = Release;
		};
/* End XCConfigurationList section */

/* Begin XCRemoteSwiftPackageReference section */
		F5EDD63A2DCE3E0A00850C0E /* XCRemoteSwiftPackageReference "Moya" */ = {
			isa = XCRemoteSwiftPackageReference;
			repositoryURL = "https://github.com/Moya/Moya.git";
			requirement = {
				kind = upToNextMajorVersion;
				minimumVersion = 15.0.3;
			};
		};
/* End XCRemoteSwiftPackageReference section */

/* Begin XCSwiftPackageProductDependency section */
		F5EDD63B2DCE3E0A00850C0E /* Moya */ = {
			isa = XCSwiftPackageProductDependency;
			package = F5EDD63A2DCE3E0A00850C0E /* XCRemoteSwiftPackageReference "Moya" */;
			productName = Moya;
		};
/* End XCSwiftPackageProductDependency section */
	};
	rootObject = F51C55B22DCE37B200E578CD /* Project object */;
}
